
Microsoft Visual Studio Solution File, Format Version 12.00
# Visual Studio Version 16
VisualStudioVersion = 16.0.30406.217
MinimumVisualStudioVersion = 10.0.40219.1
Project("{FAE04EC0-301F-11D3-BF4B-00C04F79EFBC}") = "BusinessLogic", "BusinessLogic\BusinessLogic.csproj", "{7A25B318-AC42-430D-9EA9-4187078511F1}"
EndProject
Project("{FAE04EC0-301F-11D3-BF4B-00C04F79EFBC}") = "DataAccess", "DataAccess\DataAccess.csproj", "{AAE752E4-78CC-4863-90DF-392ABF49C0C1}"
EndProject
Project("{FAE04EC0-301F-11D3-BF4B-00C04F79EFBC}") = "BookSystem", "BookSystem\BookSystem.csproj", "{7581672B-EE94-4C73-AEB6-5CD231CFC3CA}"
EndProject
Project("{FAE04EC0-301F-11D3-BF4B-00C04F79EFBC}") = "Common", "Common\Common.csproj", "{CE575281-4B9D-4EFC-AECA-ADD2245C2738}"
EndProject
Global
	GlobalSection(SolutionConfigurationPlatforms) = preSolution
		Debug|Any CPU = Debug|Any CPU
		Release|Any CPU = Release|Any CPU
	EndGlobalSection
	GlobalSection(ProjectConfigurationPlatforms) = postSolution
		{7A25B318-AC42-430D-9EA9-4187078511F1}.Debug|Any CPU.ActiveCfg = Debug|Any CPU
		{7A25B318-AC42-430D-9EA9-4187078511F1}.Debug|Any CPU.Build.0 = Debug|Any CPU
		{7A25B318-AC42-430D-9EA9-4187078511F1}.Release|Any CPU.ActiveCfg = Release|Any CPU
		{7A25B318-AC42-430D-9EA9-4187078511F1}.Release|Any CPU.Build.0 = Release|Any CPU
		{AAE752E4-78CC-4863-90DF-392ABF49C0C1}.Debug|Any CPU.ActiveCfg = Debug|Any CPU
		{AAE752E4-78CC-4863-90DF-392ABF49C0C1}.Debug|Any CPU.Build.0 = Debug|Any CPU
		{AAE752E4-78CC-4863-90DF-392ABF49C0C1}.Release|Any CPU.ActiveCfg = Release|Any CPU
		{AAE752E4-78CC-4863-90DF-392ABF49C0C1}.Release|Any CPU.Build.0 = Release|Any CPU
		{7581672B-EE94-4C73-AEB6-5CD231CFC3CA}.Debug|Any CPU.ActiveCfg = Debug|Any CPU
		{7581672B-EE94-4C73-AEB6-5CD231CFC3CA}.Debug|Any CPU.Build.0 = Debug|Any CPU
		{7581672B-EE94-4C73-AEB6-5CD231CFC3CA}.Release|Any CPU.ActiveCfg = Release|Any CPU
		{7581672B-EE94-4C73-AEB6-5CD231CFC3CA}.Release|Any CPU.Build.0 = Release|Any CPU
		{CE575281-4B9D-4EFC-AECA-ADD2245C2738}.Debug|Any CPU.ActiveCfg = Debug|Any CPU
		{CE575281-4B9D-4EFC-AECA-ADD2245C2738}.Debug|Any CPU.Build.0 = Debug|Any CPU
		{CE575281-4B9D-4EFC-AECA-ADD2245C2738}.Release|Any CPU.ActiveCfg = Release|Any CPU
		{CE575281-4B9D-4EFC-AECA-ADD2245C2738}.Release|Any CPU.Build.0 = Release|Any CPU
	EndGlobalSection
	GlobalSection(SolutionProperties) = preSolution
		HideSolutionNode = FALSE
	EndGlobalSection
	GlobalSection(ExtensibilityGlobals) = postSolution
		SolutionGuid = {50202779-0ABF-4C8D-8999-BB1858130E4C}
	EndGlobalSection
EndGlobal
