
Microsoft Visual Studio Solution File, Format Version 12.00
# Visual Studio Version 16
VisualStudioVersion = 16.0.30406.217
MinimumVisualStudioVersion = 10.0.40219.1
Project("{FAE04EC0-301F-11D3-BF4B-00C04F79EFBC}") = "Worksheet2", "Worksheet2\Worksheet2.csproj", "{9AD3B88D-0534-4398-B446-E8B2529D7808}"
EndProject
Global
	GlobalSection(SolutionConfigurationPlatforms) = preSolution
		Debug|Any CPU = Debug|Any CPU
		Release|Any CPU = Release|Any CPU
	EndGlobalSection
	GlobalSection(ProjectConfigurationPlatforms) = postSolution
		{9AD3B88D-0534-4398-B446-E8B2529D7808}.Debug|Any CPU.ActiveCfg = Debug|Any CPU
		{9AD3B88D-0534-4398-B446-E8B2529D7808}.Debug|Any CPU.Build.0 = Debug|Any CPU
		{9AD3B88D-0534-4398-B446-E8B2529D7808}.Release|Any CPU.ActiveCfg = Release|Any CPU
		{9AD3B88D-0534-4398-B446-E8B2529D7808}.Release|Any CPU.Build.0 = Release|Any CPU
	EndGlobalSection
	GlobalSection(SolutionProperties) = preSolution
		HideSolutionNode = FALSE
	EndGlobalSection
	GlobalSection(ExtensibilityGlobals) = postSolution
		SolutionGuid = {883EC275-1C46-4556-AE15-FBB5D062311C}
	EndGlobalSection
EndGlobal
